# THIS IS AN AUTOGENERATED FILE. DO NOT EDIT THIS FILE DIRECTLY.
# yarn lockfile v1


"@cspotcode/source-map-support@^0.8.0":
  version "0.8.1"
  resolved "https://registry.npmjs.org/@cspotcode/source-map-support/-/source-map-support-0.8.1.tgz"
  integrity sha512-IchNf6dN4tHoMFIn/7OE8LWZ19Y6q/67Bmf6vnGREv8RSbBVb9LPJxEcnwrcwX6ixSvaiGoomAUvu4YSxXrVgw==
  dependencies:
    "@jridgewell/trace-mapping" "0.3.9"

"@jridgewell/resolve-uri@^3.0.3":
  version "3.1.2"
  resolved "https://registry.npmjs.org/@jridgewell/resolve-uri/-/resolve-uri-3.1.2.tgz"
  integrity sha512-bRISgCIjP20/tbWSPWMEi54QVPRZExkuD9lJL+UIxUKtwVJA8wW1Trb1jMs1RFXo1CBTNZ/5hpC9QvmKWdopKw==

"@jridgewell/sourcemap-codec@^1.4.10":
  version "1.5.5"
  resolved "https://registry.npmjs.org/@jridgewell/sourcemap-codec/-/sourcemap-codec-1.5.5.tgz"
  integrity sha512-cYQ9310grqxueWbl+WuIUIaiUaDcj7WOq5fVhEljNVgRfOUhY9fy2zTvfoqWsnebh8Sl70VScFbICvJnLKB0Og==

"@jridgewell/trace-mapping@0.3.9":
  version "0.3.9"
  resolved "https://registry.npmjs.org/@jridgewell/trace-mapping/-/trace-mapping-0.3.9.tgz"
  integrity sha512-3Belt6tdc8bPgAtbcmdtNJlirVoTmEb5e2gC94PnkwEW9jI6CAHUeoG85tjWP5WquqfavoMtMwiG4P926ZKKuQ==
  dependencies:
    "@jridgewell/resolve-uri" "^3.0.3"
    "@jridgewell/sourcemap-codec" "^1.4.10"

"@playwright/mcp@^0.0.52":
  version "0.0.52"
  resolved "https://registry.npmjs.org/@playwright/mcp/-/mcp-0.0.52.tgz"
  integrity sha512-QS32pUWEkAh649iSLMqZ42xaRJlDl4vpzJHG4lq3hYTK9ANruUE/d8E2JIBZPlifSm/cnvCGVY9Bh7mUXumbXw==
  dependencies:
    playwright "1.58.0-alpha-2025-12-11"
    playwright-core "1.58.0-alpha-2025-12-11"

"@playwright/test@^1.56.0":
  version "1.56.0"
  resolved "https://registry.npmjs.org/@playwright/test/-/test-1.56.0.tgz"
  integrity sha512-Tzh95Twig7hUwwNe381/K3PggZBZblKUe2wv25oIpzWLr6Z0m4KgV1ZVIjnR6GM9ANEqjZD7XsZEa6JL/7YEgg==
  dependencies:
    playwright "1.56.0"

"@tsconfig/node10@^1.0.7":
  version "1.0.11"
  resolved "https://registry.npmjs.org/@tsconfig/node10/-/node10-1.0.11.tgz"
  integrity sha512-DcRjDCujK/kCk/cUe8Xz8ZSpm8mS3mNNpta+jGCA6USEDfktlNvm1+IuZ9eTcDbNk41BHwpHHeW+N1lKCz4zOw==

"@tsconfig/node12@^1.0.7":
  version "1.0.11"
  resolved "https://registry.npmjs.org/@tsconfig/node12/-/node12-1.0.11.tgz"
  integrity sha512-cqefuRsh12pWyGsIoBKJA9luFu3mRxCA+ORZvA4ktLSzIuCUtWVxGIuXigEwO5/ywWFMZ2QEGKWvkZG1zDMTag==

"@tsconfig/node14@^1.0.0":
  version "1.0.3"
  resolved "https://registry.npmjs.org/@tsconfig/node14/-/node14-1.0.3.tgz"
  integrity sha512-ysT8mhdixWK6Hw3i1V2AeRqZ5WfXg1G43mqoYlM2nc6388Fq5jcXyr5mRsqViLx/GJYdoL0bfXD8nmF+Zn/Iow==

"@tsconfig/node16@^1.0.2":
  version "1.0.4"
  resolved "https://registry.npmjs.org/@tsconfig/node16/-/node16-1.0.4.tgz"
  integrity sha512-vxhUy4J8lyeyinH7Azl1pdd43GJhZH/tP2weN8TntQblOY+A0XbT8DJk1/oCPuOOyg/Ja757rG0CgHcWC8OfMA==

"@types/node@*", "@types/node@^24.7.0":
  version "24.7.0"
  resolved "https://registry.npmjs.org/@types/node/-/node-24.7.0.tgz"
  integrity sha512-IbKooQVqUBrlzWTi79E8Fw78l8k1RNtlDDNWsFZs7XonuQSJ8oNYfEeclhprUldXISRMLzBpILuKgPlIxm+/Yw==
  dependencies:
    undici-types "~7.14.0"

acorn-walk@^8.1.1:
  version "8.3.4"
  resolved "https://registry.npmjs.org/acorn-walk/-/acorn-walk-8.3.4.tgz"
  integrity sha512-ueEepnujpqee2o5aIYnvHU6C0A42MNdsIDeqy5BydrkuC5R1ZuUFnm27EeFJGoEHJQgn3uleRvmTXaJgfXbt4g==
  dependencies:
    acorn "^8.11.0"

acorn@^8.11.0, acorn@^8.4.1:
  version "8.15.0"
  resolved "https://registry.npmjs.org/acorn/-/acorn-8.15.0.tgz"
  integrity sha512-NZyJarBfL7nWwIq+FDL6Zp/yHEhePMNnnJ0y3qfieCrmNvYct8uvtiV41UvlSe6apAfk0fY1FbWx+NwfmpvtTg==

allure-js-commons@2.15.1:
  version "2.15.1"
  resolved "https://registry.npmjs.org/allure-js-commons/-/allure-js-commons-2.15.1.tgz"
  integrity sha512-5V/VINplbu0APnfSZOkYpKOzucO36Q2EtTD1kqjWjl7n6tj7Hh+IHCZsH3Vpk/LXRDfj9RuXugBBvwYKV5YMJw==
  dependencies:
    md5 "^2.3.0"
    properties "^1.2.1"
    strip-ansi "^5.2.0"

allure-playwright@^2.15.1:
  version "2.15.1"
  resolved "https://registry.npmjs.org/allure-playwright/-/allure-playwright-2.15.1.tgz"
  integrity sha512-P1Uu1j/ptDHdYp3V5ZAeBZyt33+L+OQu0otUIEl/zkOcv0KRycHqlHwC0GEJmpgnLKvVP7s+K37LcLoSUUj3Cg==
  dependencies:
    allure-js-commons "2.15.1"

ansi-regex@^4.1.0:
  version "4.1.1"
  resolved "https://registry.npmjs.org/ansi-regex/-/ansi-regex-4.1.1.tgz"
  integrity sha512-ILlv4k/3f6vfQ4OoP2AGvirOktlQ98ZEL1k9FaQjxa3L1abBgbuTDAdPOpvbGncC0BTVQrl+OM8xZGK6tWXt7g==

arg@^4.1.0:
  version "4.1.3"
  resolved "https://registry.npmjs.org/arg/-/arg-4.1.3.tgz"
  integrity sha512-58S9QDqG0Xx27YwPSt9fJxivjYl432YCwfDMfZ+71RAqUrZef7LrKQZ3LHLOwCS4FLNBplP533Zx895SeOCHvA==

charenc@0.0.2:
  version "0.0.2"
  resolved "https://registry.npmjs.org/charenc/-/charenc-0.0.2.tgz"
  integrity sha512-yrLQ/yVUFXkzg7EDQsPieE/53+0RlaWTs+wBrvW36cyilJ2SaDWfl4Yj7MtLTXleV9uEKefbAGUPv2/iWSooRA==

create-require@^1.1.0:
  version "1.1.1"
  resolved "https://registry.npmjs.org/create-require/-/create-require-1.1.1.tgz"
  integrity sha512-dcKFX3jn0MpIaXjisoRvexIJVEKzaq7z2rZKxf+MSr9TkdmHmsU4m2lcLojrj/FHl8mk5VxMmYA+ftRkP/3oKQ==

cross-env@7.0.3:
  version "7.0.3"
  resolved "https://registry.npmjs.org/cross-env/-/cross-env-7.0.3.tgz"
  integrity sha512-+/HKd6EgcQCJGh2PSjZuUitQBQynKor4wrFbRg4DtAgS1aWO+gU52xpH7M9ScGgXSYmAVS9bIJ8EzuaGw0oNAw==
  dependencies:
    cross-spawn "^7.0.1"

cross-spawn@^7.0.1:
  version "7.0.6"
  resolved "https://registry.npmjs.org/cross-spawn/-/cross-spawn-7.0.6.tgz"
  integrity sha512-uV2QOWP2nWzsy2aMp8aRibhi9dlzF5Hgh5SHaB9OiTGEyDTiJJyx0uy51QXdyWbtAHNua4XJzUKca3OzKUd3vA==
  dependencies:
    path-key "^3.1.0"
    shebang-command "^2.0.0"
    which "^2.0.1"

crypt@0.0.2:
  version "0.0.2"
  resolved "https://registry.npmjs.org/crypt/-/crypt-0.0.2.tgz"
  integrity sha512-mCxBlsHFYh9C+HVpiEacem8FEBnMXgU9gy4zmNC+SXAZNB/1idgp/aulFJ4FgCi7GPEVbfyng092GqL2k2rmow==

dayjs@^1.11.18:
  version "1.11.18"
  resolved "https://registry.npmjs.org/dayjs/-/dayjs-1.11.18.tgz"
  integrity sha512-zFBQ7WFRvVRhKcWoUh+ZA1g2HVgUbsZm9sbddh8EC5iv93sui8DVVz1Npvz+r6meo9VKfa8NyLWBsQK1VvIKPA==

diff@^4.0.1:
  version "4.0.2"
  resolved "https://registry.npmjs.org/diff/-/diff-4.0.2.tgz"
  integrity sha512-58lmxKSA4BNyLz+HHMUzlOEpg09FV+ev6ZMe3vJihgdxzgcwZ8VoEEPmALCZG9LmqfVoNMMKpttIYTVG6uDY7A==

dotenv@^17.2.3:
  version "17.2.3"
  resolved "https://registry.npmjs.org/dotenv/-/dotenv-17.2.3.tgz"
  integrity sha512-JVUnt+DUIzu87TABbhPmNfVdBDt18BLOWjMUFJMSi/Qqg7NTYtabbvSNJGOJ7afbRuv9D/lngizHtP7QyLQ+9w==

fsevents@2.3.2:
  version "2.3.2"
  resolved "https://registry.npmjs.org/fsevents/-/fsevents-2.3.2.tgz"
  integrity sha512-xiqMQR4xAeHTuB9uWm+fFRcIOgKBMiOBP+eXiyT7jsgVCq1bkVygt00oASowB7EdtpOHaaPgKt812P9ab+DDKA==

is-buffer@~1.1.6:
  version "1.1.6"
  resolved "https://registry.npmjs.org/is-buffer/-/is-buffer-1.1.6.tgz"
  integrity sha512-NcdALwpXkTm5Zvvbk7owOUSvVvBKDgKP5/ewfXEznmQFfs4ZRmanOeKBTjRVjka3QFoN6XJ+9F3USqfHqTaU5w==

isexe@^2.0.0:
  version "2.0.0"
  resolved "https://registry.npmjs.org/isexe/-/isexe-2.0.0.tgz"
  integrity sha512-RHxMLp9lnKHGHRng9QFhRCMbYAcVpn69smSGcq3f36xjgVVWThj4qqLbTLlq7Ssj8B+fIQ1EuCEGI2lKsyQeIw==

make-error@^1.1.1:
  version "1.3.6"
  resolved "https://registry.npmjs.org/make-error/-/make-error-1.3.6.tgz"
  integrity sha512-s8UhlNe7vPKomQhC1qFelMokr/Sc3AgNbso3n74mVPA5LTZwkB9NlXf4XPamLxJE8h0gh73rM94xvwRT2CVInw==

md5@^2.3.0:
  version "2.3.0"
  resolved "https://registry.npmjs.org/md5/-/md5-2.3.0.tgz"
  integrity sha512-T1GITYmFaKuO91vxyoQMFETst+O71VUPEU3ze5GNzDm0OWdP8v1ziTaAEPUr/3kLsY3Sftgz242A1SetQiDL7g==
  dependencies:
    charenc "0.0.2"
    crypt "0.0.2"
    is-buffer "~1.1.6"

path-key@^3.1.0:
  version "3.1.1"
  resolved "https://registry.npmjs.org/path-key/-/path-key-3.1.1.tgz"
  integrity sha512-ojmeN0qd+y0jszEtoY48r0Peq5dwMEkIlCOu6Q5f41lfkswXuKtYrhgoTpLnyIcHm24Uhqx+5Tqm2InSwLhE6Q==

playwright-core@1.56.0:
  version "1.56.0"
  resolved "https://registry.npmjs.org/playwright-core/-/playwright-core-1.56.0.tgz"
  integrity sha512-1SXl7pMfemAMSDn5rkPeZljxOCYAmQnYLBTExuh6E8USHXGSX3dx6lYZN/xPpTz1vimXmPA9CDnILvmJaB8aSQ==

playwright-core@1.58.0-alpha-2025-12-11:
  version "1.58.0-alpha-2025-12-11"
  resolved "https://registry.npmjs.org/playwright-core/-/playwright-core-1.58.0-alpha-2025-12-11.tgz"
  integrity sha512-8c8vO4BMIGmEac13g4hxzWNCP/pGdRLhysUvcANU0uxH5UcN/DeFQ5RP+6NIK732u/KpLjCqI27TWdr1xgKb3A==

playwright@1.56.0:
  version "1.56.0"
  resolved "https://registry.npmjs.org/playwright/-/playwright-1.56.0.tgz"
  integrity sha512-X5Q1b8lOdWIE4KAoHpW3SE8HvUB+ZZsUoN64ZhjnN8dOb1UpujxBtENGiZFE+9F/yhzJwYa+ca3u43FeLbboHA==
  dependencies:
    playwright-core "1.56.0"
  optionalDependencies:
    fsevents "2.3.2"

playwright@1.58.0-alpha-2025-12-11:
  version "1.58.0-alpha-2025-12-11"
  resolved "https://registry.npmjs.org/playwright/-/playwright-1.58.0-alpha-2025-12-11.tgz"
  integrity sha512-wNAnyMpt4VZCy9wryVXphHfHgpoD2LRO/h4Bl8GDuvzIpvx6uU/TkRmC5/91feROZ1ng1tTjY6oTVdqIKt7uGQ==
  dependencies:
    playwright-core "1.58.0-alpha-2025-12-11"
  optionalDependencies:
    fsevents "2.3.2"

properties@^1.2.1:
  version "1.2.1"
  resolved "https://registry.npmjs.org/properties/-/properties-1.2.1.tgz"
  integrity sha512-qYNxyMj1JeW54i/EWEFsM1cVwxJbtgPp8+0Wg9XjNaK6VE/c4oRi6PNu5p7w1mNXEIQIjV5Wwn8v8Gz82/QzdQ==

shebang-command@^2.0.0:
  version "2.0.0"
  resolved "https://registry.npmjs.org/shebang-command/-/shebang-command-2.0.0.tgz"
  integrity sha512-kHxr2zZpYtdmrN1qDjrrX/Z1rR1kG8Dx+gkpK1G4eXmvXswmcE1hTWBWYUzlraYw1/yZp6YuDY77YtvbN0dmDA==
  dependencies:
    shebang-regex "^3.0.0"

shebang-regex@^3.0.0:
  version "3.0.0"
  resolved "https://registry.npmjs.org/shebang-regex/-/shebang-regex-3.0.0.tgz"
  integrity sha512-7++dFhtcx3353uBaq8DDR4NuxBetBzC7ZQOhmTQInHEd6bSrXdiEyzCvG07Z44UYdLShWUyXt5M/yhz8ekcb1A==

strip-ansi@^5.2.0:
  version "5.2.0"
  resolved "https://registry.npmjs.org/strip-ansi/-/strip-ansi-5.2.0.tgz"
  integrity sha512-DuRs1gKbBqsMKIZlrffwlug8MHkcnpjs5VPmL1PAh+mA30U0DTotfDZ0d2UUsXpPmPmMMJ6W773MaA3J+lbiWA==
  dependencies:
    ansi-regex "^4.1.0"

ts-node@^10.9.1:
  version "10.9.2"
  resolved "https://registry.npmjs.org/ts-node/-/ts-node-10.9.2.tgz"
  integrity sha512-f0FFpIdcHgn8zcPSbf1dRevwt047YMnaiJM3u2w2RewrB+fob/zePZcrOyQoLMMO7aBIddLcQIEK5dYjkLnGrQ==
  dependencies:
    "@cspotcode/source-map-support" "^0.8.0"
    "@tsconfig/node10" "^1.0.7"
    "@tsconfig/node12" "^1.0.7"
    "@tsconfig/node14" "^1.0.0"
    "@tsconfig/node16" "^1.0.2"
    acorn "^8.4.1"
    acorn-walk "^8.1.1"
    arg "^4.1.0"
    create-require "^1.1.0"
    diff "^4.0.1"
    make-error "^1.1.1"
    v8-compile-cache-lib "^3.0.1"
    yn "3.1.1"

typescript@^5.6.0, typescript@>=2.7:
  version "5.9.3"
  resolved "https://registry.npmjs.org/typescript/-/typescript-5.9.3.tgz"
  integrity sha512-jl1vZzPDinLr9eUt3J/t7V6FgNEw9QjvBPdysz9KfQDD41fQrC2Y4vKQdiaUpFT4bXlb1RHhLpp8wtm6M5TgSw==

undici-types@~7.14.0:
  version "7.14.0"
  resolved "https://registry.npmjs.org/undici-types/-/undici-types-7.14.0.tgz"
  integrity sha512-QQiYxHuyZ9gQUIrmPo3IA+hUl4KYk8uSA7cHrcKd/l3p1OTpZcM0Tbp9x7FAtXdAYhlasd60ncPpgu6ihG6TOA==

v8-compile-cache-lib@^3.0.1:
  version "3.0.1"
  resolved "https://registry.npmjs.org/v8-compile-cache-lib/-/v8-compile-cache-lib-3.0.1.tgz"
  integrity sha512-wa7YjyUGfNZngI/vtK0UHAN+lgDCxBPCylVXGp0zu59Fz5aiGtNXaq3DhIov063MorB+VfufLh3JlF2KdTK3xg==

which@^2.0.1:
  version "2.0.2"
  resolved "https://registry.npmjs.org/which/-/which-2.0.2.tgz"
  integrity sha512-BLI3Tl1TW3Pvl70l3yq3Y64i+awpwXqsGBYWkkqMtnbXgrMD+yj7rhW0kuEDxzJaYXGjEW5ogapKNMEKNMjibA==
  dependencies:
    isexe "^2.0.0"

yn@3.1.1:
  version "3.1.1"
  resolved "https://registry.npmjs.org/yn/-/yn-3.1.1.tgz"
  integrity sha512-Ux4ygGWsu2c7isFWe8Yu1YluJmqVhxqK2cLXNQA5AcC3QfbGNpM7fu0Y8b/z16pXLnFxZYvWhd3fhBY9DLmC6Q==
